{
  "name": "@defy/vue-wx-jssdk",
  "version": "0.0.1",
  "lockfileVersion": 1,
  "requires": true,
  "dependencies": {
    "@defy/wx-jssdk": {
      "version": "1.0.3",
      "resolved": "https://registry.npmjs.org/@defy/wx-jssdk/-/wx-jssdk-1.0.3.tgz",
      "integrity": "sha512-V8Y1iv+srgz5wayHZJ5R/hcclaO5mbBDqK6UpQgSLi9g2+UFmZwbmf7B4EALF7CakdIyfWAW29xTtGL9UpdC2w=="
    }
  }
}
